
Microsoft Visual Studio Solution File, Format Version 12.00
# Visual Studio 14
VisualStudioVersion = 14.0.25420.1
MinimumVisualStudioVersion = 10.0.40219.1
Project("{2150E333-8FDC-42A3-9474-1A3956D46DE8}") = "src", "src", "{05CB23C2-2514-4237-810F-F3828F52CF92}"
EndProject
Project("{2150E333-8FDC-42A3-9474-1A3956D46DE8}") = "Solution Items", "Solution Items", "{AED50642-2FB1-4C77-84C8-955B368E9C24}"
	ProjectSection(SolutionItems) = preProject
		global.json = global.json
	EndProjectSection
EndProject
Project("{8BB2217D-0F2D-49D1-97BC-3654ED321F3B}") = "Chat.Jeri.Service", "src\Chat.Jeri.Service\Chat.Jeri.Service.xproj", "{D69ED3DF-A4F6-41D9-AA21-4D0E42349FF7}"
EndProject
Project("{8BB2217D-0F2D-49D1-97BC-3654ED321F3B}") = "Chat.Jeri.Test.Console", "src\Chat.Jeri.Test.Console\Chat.Jeri.Test.Console.xproj", "{D6B03C6F-83DF-49DD-B3E5-FDCA3C2FC81C}"
EndProject
Project("{2150E333-8FDC-42A3-9474-1A3956D46DE8}") = "HTML Client Test", "HTML Client Test", "{8F0A4D08-76AC-4C1B-B63B-8DAFAB1FF3CF}"
	ProjectSection(SolutionItems) = preProject
		..\..\..\..\Desktop\client.html = ..\..\..\..\Desktop\client.html
	EndProjectSection
EndProject
Global
	GlobalSection(SolutionConfigurationPlatforms) = preSolution
		Debug|Any CPU = Debug|Any CPU
		Release|Any CPU = Release|Any CPU
	EndGlobalSection
	GlobalSection(ProjectConfigurationPlatforms) = postSolution
		{D69ED3DF-A4F6-41D9-AA21-4D0E42349FF7}.Debug|Any CPU.ActiveCfg = Debug|Any CPU
		{D69ED3DF-A4F6-41D9-AA21-4D0E42349FF7}.Debug|Any CPU.Build.0 = Debug|Any CPU
		{D69ED3DF-A4F6-41D9-AA21-4D0E42349FF7}.Release|Any CPU.ActiveCfg = Release|Any CPU
		{D69ED3DF-A4F6-41D9-AA21-4D0E42349FF7}.Release|Any CPU.Build.0 = Release|Any CPU
		{D6B03C6F-83DF-49DD-B3E5-FDCA3C2FC81C}.Debug|Any CPU.ActiveCfg = Debug|Any CPU
		{D6B03C6F-83DF-49DD-B3E5-FDCA3C2FC81C}.Debug|Any CPU.Build.0 = Debug|Any CPU
		{D6B03C6F-83DF-49DD-B3E5-FDCA3C2FC81C}.Release|Any CPU.ActiveCfg = Release|Any CPU
		{D6B03C6F-83DF-49DD-B3E5-FDCA3C2FC81C}.Release|Any CPU.Build.0 = Release|Any CPU
	EndGlobalSection
	GlobalSection(SolutionProperties) = preSolution
		HideSolutionNode = FALSE
	EndGlobalSection
	GlobalSection(NestedProjects) = preSolution
		{D69ED3DF-A4F6-41D9-AA21-4D0E42349FF7} = {05CB23C2-2514-4237-810F-F3828F52CF92}
		{D6B03C6F-83DF-49DD-B3E5-FDCA3C2FC81C} = {05CB23C2-2514-4237-810F-F3828F52CF92}
	EndGlobalSection
EndGlobal
